// !$*UTF8*$!
{
	archiveVersion = 1;
	classes = {
	};
	objectVersion = 60;
	objects = {

/* Begin PBXBuildFile section */
		4579B5292C18F357008BBB8F /* PetWatchSwiftApp.swift in Sources */ = {isa = PBXBuildFile; fileRef = 4579B5282C18F357008BBB8F /* PetWatchSwiftApp.swift */; };
		4579B52B2C18F357008BBB8F /* ContentView.swift in Sources */ = {isa = PBXBuildFile; fileRef = 4579B52A2C18F357008BBB8F /* ContentView.swift */; };
		4579B52D2C18F357008BBB8F /* Item.swift in Sources */ = {isa = PBXBuildFile; fileRef = 4579B52C2C18F357008BBB8F /* Item.swift */; };
		4579B52F2C18F35A008BBB8F /* Assets.xcassets in Resources */ = {isa = PBXBuildFile; fileRef = 4579B52E2C18F35A008BBB8F /* Assets.xcassets */; };
		4579B5332C18F35A008BBB8F /* Preview Assets.xcassets in Resources */ = {isa = PBXBuildFile; fileRef = 4579B5322C18F35A008BBB8F /* Preview Assets.xcassets */; };
		4579B53D2C18F35B008BBB8F /* PetWatchSwiftTests.swift in Sources */ = {isa = PBXBuildFile; fileRef = 4579B53C2C18F35B008BBB8F /* PetWatchSwiftTests.swift */; };
		4579B5472C18F35B008BBB8F /* PetWatchSwiftUITests.swift in Sources */ = {isa = PBXBuildFile; fileRef = 4579B5462C18F35B008BBB8F /* PetWatchSwiftUITests.swift */; };
		4579B5492C18F35B008BBB8F /* PetWatchSwiftUITestsLaunchTests.swift in Sources */ = {isa = PBXBuildFile; fileRef = 4579B5482C18F35B008BBB8F /* PetWatchSwiftUITestsLaunchTests.swift */; };
/* End PBXBuildFile section */

/* Begin PBXContainerItemProxy section */
		4579B5392C18F35B008BBB8F /* PBXContainerItemProxy */ = {
			isa = PBXContainerItemProxy;
			containerPortal = 4579B51D2C18F357008BBB8F /* Project object */;
			proxyType = 1;
			remoteGlobalIDString = 4579B5242C18F357008BBB8F;
			remoteInfo = PetWatchSwift;
		};
		4579B5432C18F35B008BBB8F /* PBXContainerItemProxy */ = {
			isa = PBXContainerItemProxy;
			containerPortal = 4579B51D2C18F357008BBB8F /* Project object */;
			proxyType = 1;
			remoteGlobalIDString = 4579B5242C18F357008BBB8F;
			remoteInfo = PetWatchSwift;
		};
/* End PBXContainerItemProxy section */

/* Begin PBXFileReference section */
		4579B5252C18F357008BBB8F /* PetWatchSwift.app */ = {isa = PBXFileReference; explicitFileType = wrapper.application; includeInIndex = 0; path = PetWatchSwift.app; sourceTree = BUILT_PRODUCTS_DIR; };
		4579B5282C18F357008BBB8F /* PetWatchSwiftApp.swift */ = {isa = PBXFileReference; lastKnownFileType = sourcecode.swift; path = PetWatchSwiftApp.swift; sourceTree = "<group>"; };
		4579B52A2C18F357008BBB8F /* ContentView.swift */ = {isa = PBXFileReference; lastKnownFileType = sourcecode.swift; path = ContentView.swift; sourceTree = "<group>"; };
		4579B52C2C18F357008BBB8F /* Item.swift */ = {isa = PBXFileReference; lastKnownFileType = sourcecode.swift; path = Item.swift; sourceTree = "<group>"; };
		4579B52E2C18F35A008BBB8F /* Assets.xcassets */ = {isa = PBXFileReference; lastKnownFileType = folder.assetcatalog; path = Assets.xcassets; sourceTree = "<group>"; };
		4579B5302C18F35A008BBB8F /* PetWatchSwift.entitlements */ = {isa = PBXFileReference; lastKnownFileType = text.plist.entitlements; path = PetWatchSwift.entitlements; sourceTree = "<group>"; };
		4579B5322C18F35A008BBB8F /* Preview Assets.xcassets */ = {isa = PBXFileReference; lastKnownFileType = folder.assetcatalog; path = "Preview Assets.xcassets"; sourceTree = "<group>"; };
		4579B5382C18F35B008BBB8F /* PetWatchSwiftTests.xctest */ = {isa = PBXFileReference; explicitFileType = wrapper.cfbundle; includeInIndex = 0; path = PetWatchSwiftTests.xctest; sourceTree = BUILT_PRODUCTS_DIR; };
		4579B53C2C18F35B008BBB8F /* PetWatchSwiftTests.swift */ = {isa = PBXFileReference; lastKnownFileType = sourcecode.swift; path = PetWatchSwiftTests.swift; sourceTree = "<group>"; };
		4579B5422C18F35B008BBB8F /* PetWatchSwiftUITests.xctest */ = {isa = PBXFileReference; explicitFileType = wrapper.cfbundle; includeInIndex = 0; path = PetWatchSwiftUITests.xctest; sourceTree = BUILT_PRODUCTS_DIR; };
		4579B5462C18F35B008BBB8F /* PetWatchSwiftUITests.swift */ = {isa = PBXFileReference; lastKnownFileType = sourcecode.swift; path = PetWatchSwiftUITests.swift; sourceTree = "<group>"; };
		4579B5482C18F35B008BBB8F /* PetWatchSwiftUITestsLaunchTests.swift */ = {isa = PBXFileReference; lastKnownFileType = sourcecode.swift; path = PetWatchSwiftUITestsLaunchTests.swift; sourceTree = "<group>"; };
/* End PBXFileReference section */

/* Begin PBXFrameworksBuildPhase section */
		4579B5222C18F357008BBB8F /* Frameworks */ = {
			isa = PBXFrameworksBuildPhase;
			buildActionMask = 2147483647;
			files = (
			);
			runOnlyForDeploymentPostprocessing = 0;
		};
		4579B5352C18F35B008BBB8F /* Frameworks */ = {
			isa = PBXFrameworksBuildPhase;
			buildActionMask = 2147483647;
			files = (
			);
			runOnlyForDeploymentPostprocessing = 0;
		};
		4579B53F2C18F35B008BBB8F /* Frameworks */ = {
			isa = PBXFrameworksBuildPhase;
			buildActionMask = 2147483647;
			files = (
			);
			runOnlyForDeploymentPostprocessing = 0;
		};
/* End PBXFrameworksBuildPhase section */

/* Begin PBXGroup section */
		4579B51C2C18F357008BBB8F = {
			isa = PBXGroup;
			children = (
				4579B5272C18F357008BBB8F /* PetWatchSwift */,
				4579B53B2C18F35B008BBB8F /* PetWatchSwiftTests */,
				4579B5452C18F35B008BBB8F /* PetWatchSwiftUITests */,
				4579B5262C18F357008BBB8F /* Products */,
			);
			sourceTree = "<group>";
		};
		4579B5262C18F357008BBB8F /* Products */ = {
			isa = PBXGroup;
			children = (
				4579B5252C18F357008BBB8F /* PetWatchSwift.app */,
				4579B5382C18F35B008BBB8F /* PetWatchSwiftTests.xctest */,
				4579B5422C18F35B008BBB8F /* PetWatchSwiftUITests.xctest */,
			);
			name = Products;
			sourceTree = "<group>";
		};
		4579B5272C18F357008BBB8F /* PetWatchSwift */ = {
			isa = PBXGroup;
			children = (
				4579B5282C18F357008BBB8F /* PetWatchSwiftApp.swift */,
				4579B52A2C18F357008BBB8F /* ContentView.swift */,
				4579B52C2C18F357008BBB8F /* Item.swift */,
				4579B52E2C18F35A008BBB8F /* Assets.xcassets */,
				4579B5302C18F35A008BBB8F /* PetWatchSwift.entitlements */,
				4579B5312C18F35A008BBB8F /* Preview Content */,
			);
			path = PetWatchSwift;
			sourceTree = "<group>";
		};
		4579B5312C18F35A008BBB8F /* Preview Content */ = {
			isa = PBXGroup;
			children = (
				4579B5322C18F35A008BBB8F /* Preview Assets.xcassets */,
			);
			path = "Preview Content";
			sourceTree = "<group>";
		};
		4579B53B2C18F35B008BBB8F /* PetWatchSwiftTests */ = {
			isa = PBXGroup;
			children = (
				4579B53C2C18F35B008BBB8F /* PetWatchSwiftTests.swift */,
			);
			path = PetWatchSwiftTests;
			sourceTree = "<group>";
		};
		4579B5452C18F35B008BBB8F /* PetWatchSwiftUITests */ = {
			isa = PBXGroup;
			children = (
				4579B5462C18F35B008BBB8F /* PetWatchSwiftUITests.swift */,
				4579B5482C18F35B008BBB8F /* PetWatchSwiftUITestsLaunchTests.swift */,
			);
			path = PetWatchSwiftUITests;
			sourceTree = "<group>";
		};
/* End PBXGroup section */

/* Begin PBXNativeTarget section */
		4579B5242C18F357008BBB8F /* PetWatchSwift */ = {
			isa = PBXNativeTarget;
			buildConfigurationList = 4579B54C2C18F35B008BBB8F /* Build configuration list for PBXNativeTarget "PetWatchSwift" */;
			buildPhases = (
				4579B5212C18F357008BBB8F /* Sources */,
				4579B5222C18F357008BBB8F /* Frameworks */,
				4579B5232C18F357008BBB8F /* Resources */,
			);
			buildRules = (
			);
			dependencies = (
			);
			name = PetWatchSwift;
			productName = PetWatchSwift;
			productReference = 4579B5252C18F357008BBB8F /* PetWatchSwift.app */;
			productType = "com.apple.product-type.application";
		};
		4579B5372C18F35B008BBB8F /* PetWatchSwiftTests */ = {
			isa = PBXNativeTarget;
			buildConfigurationList = 4579B54F2C18F35B008BBB8F /* Build configuration list for PBXNativeTarget "PetWatchSwiftTests" */;
			buildPhases = (
				4579B5342C18F35B008BBB8F /* Sources */,
				4579B5352C18F35B008BBB8F /* Frameworks */,
				4579B5362C18F35B008BBB8F /* Resources */,
			);
			buildRules = (
			);
			dependencies = (
				4579B53A2C18F35B008BBB8F /* PBXTargetDependency */,
			);
			name = PetWatchSwiftTests;
			productName = PetWatchSwiftTests;
			productReference = 4579B5382C18F35B008BBB8F /* PetWatchSwiftTests.xctest */;
			productType = "com.apple.product-type.bundle.unit-test";
		};
		4579B5412C18F35B008BBB8F /* PetWatchSwiftUITests */ = {
			isa = PBXNativeTarget;
			buildConfigurationList = 4579B5522C18F35B008BBB8F /* Build configuration list for PBXNativeTarget "PetWatchSwiftUITests" */;
			buildPhases = (
				4579B53E2C18F35B008BBB8F /* Sources */,
				4579B53F2C18F35B008BBB8F /* Frameworks */,
				4579B5402C18F35B008BBB8F /* Resources */,
			);
			buildRules = (
			);
			dependencies = (
				4579B5442C18F35B008BBB8F /* PBXTargetDependency */,
			);
			name = PetWatchSwiftUITests;
			productName = PetWatchSwiftUITests;
			productReference = 4579B5422C18F35B008BBB8F /* PetWatchSwiftUITests.xctest */;
			productType = "com.apple.product-type.bundle.ui-testing";
		};
/* End PBXNativeTarget section */

/* Begin PBXProject section */
		4579B51D2C18F357008BBB8F /* Project object */ = {
			isa = PBXProject;
			attributes = {
				BuildIndependentTargetsInParallel = 1;
				LastSwiftUpdateCheck = 1600;
				LastUpgradeCheck = 1600;
				TargetAttributes = {
					4579B5242C18F357008BBB8F = {
						CreatedOnToolsVersion = 16.0;
					};
					4579B5372C18F35B008BBB8F = {
						CreatedOnToolsVersion = 16.0;
						TestTargetID = 4579B5242C18F357008BBB8F;
					};
					4579B5412C18F35B008BBB8F = {
						CreatedOnToolsVersion = 16.0;
						TestTargetID = 4579B5242C18F357008BBB8F;
					};
				};
			};
			buildConfigurationList = 4579B5202C18F357008BBB8F /* Build configuration list for PBXProject "PetWatchSwift" */;
			compatibilityVersion = "Xcode 15.0";
			developmentRegion = en;
			hasScannedForEncodings = 0;
			knownRegions = (
				en,
				Base,
			);
			mainGroup = 4579B51C2C18F357008BBB8F;
			productRefGroup = 4579B5262C18F357008BBB8F /* Products */;
			projectDirPath = "";
			projectRoot = "";
			targets = (
				4579B5242C18F357008BBB8F /* PetWatchSwift */,
				4579B5372C18F35B008BBB8F /* PetWatchSwiftTests */,
				4579B5412C18F35B008BBB8F /* PetWatchSwiftUITests */,
			);
		};
/* End PBXProject section */

/* Begin PBXResourcesBuildPhase section */
		4579B5232C18F357008BBB8F /* Resources */ = {
			isa = PBXResourcesBuildPhase;
			buildActionMask = 2147483647;
			files = (
				4579B5332C18F35A008BBB8F /* Preview Assets.xcassets in Resources */,
				4579B52F2C18F35A008BBB8F /* Assets.xcassets in Resources */,
			);
			runOnlyForDeploymentPostprocessing = 0;
		};
		4579B5362C18F35B008BBB8F /* Resources */ = {
			isa = PBXResourcesBuildPhase;
			buildActionMask = 2147483647;
			files = (
			);
			runOnlyForDeploymentPostprocessing = 0;
		};
		4579B5402C18F35B008BBB8F /* Resources */ = {
			isa = PBXResourcesBuildPhase;
			buildActionMask = 2147483647;
			files = (
			);
			runOnlyForDeploymentPostprocessing = 0;
		};
/* End PBXResourcesBuildPhase section */

/* Begin PBXSourcesBuildPhase section */
		4579B5212C18F357008BBB8F /* Sources */ = {
			isa = PBXSourcesBuildPhase;
			buildActionMask = 2147483647;
			files = (
				4579B52B2C18F357008BBB8F /* ContentView.swift in Sources */,
				4579B52D2C18F357008BBB8F /* Item.swift in Sources */,
				4579B5292C18F357008BBB8F /* PetWatchSwiftApp.swift in Sources */,
			);
			runOnlyForDeploymentPostprocessing = 0;
		};
		4579B5342C18F35B008BBB8F /* Sources */ = {
			isa = PBXSourcesBuildPhase;
			buildActionMask = 2147483647;
			files = (
				4579B53D2C18F35B008BBB8F /* PetWatchSwiftTests.swift in Sources */,
			);
			runOnlyForDeploymentPostprocessing = 0;
		};
		4579B53E2C18F35B008BBB8F /* Sources */ = {
			isa = PBXSourcesBuildPhase;
			buildActionMask = 2147483647;
			files = (
				4579B5492C18F35B008BBB8F /* PetWatchSwiftUITestsLaunchTests.swift in Sources */,
				4579B5472C18F35B008BBB8F /* PetWatchSwiftUITests.swift in Sources */,
			);
			runOnlyForDeploymentPostprocessing = 0;
		};
/* End PBXSourcesBuildPhase section */

/* Begin PBXTargetDependency section */
		4579B53A2C18F35B008BBB8F /* PBXTargetDependency */ = {
			isa = PBXTargetDependency;
			target = 4579B5242C18F357008BBB8F /* PetWatchSwift */;
			targetProxy = 4579B5392C18F35B008BBB8F /* PBXContainerItemProxy */;
		};
		4579B5442C18F35B008BBB8F /* PBXTargetDependency */ = {
			isa = PBXTargetDependency;
			target = 4579B5242C18F357008BBB8F /* PetWatchSwift */;
			targetProxy = 4579B5432C18F35B008BBB8F /* PBXContainerItemProxy */;
		};
/* End PBXTargetDependency section */

/* Begin XCBuildConfiguration section */
		4579B54A2C18F35B008BBB8F /* Debug */ = {
			isa = XCBuildConfiguration;
			buildSettings = {
				ALWAYS_SEARCH_USER_PATHS = NO;
				ASSETCATALOG_COMPILER_GENERATE_SWIFT_ASSET_SYMBOL_EXTENSIONS = YES;
				CLANG_ANALYZER_NONNULL = YES;
				CLANG_ANALYZER_NUMBER_OBJECT_CONVERSION = YES_AGGRESSIVE;
				CLANG_CXX_LANGUAGE_STANDARD = "gnu++20";
				CLANG_ENABLE_MODULES = YES;
				CLANG_ENABLE_OBJC_ARC = YES;
				CLANG_ENABLE_OBJC_WEAK = YES;
				CLANG_WARN_BLOCK_CAPTURE_AUTORELEASING = YES;
				CLANG_WARN_BOOL_CONVERSION = YES;
				CLANG_WARN_COMMA = YES;
				CLANG_WARN_CONSTANT_CONVERSION = YES;
				CLANG_WARN_DEPRECATED_OBJC_IMPLEMENTATIONS = YES;
				CLANG_WARN_DIRECT_OBJC_ISA_USAGE = YES_ERROR;
				CLANG_WARN_DOCUMENTATION_COMMENTS = YES;
				CLANG_WARN_EMPTY_BODY = YES;
				CLANG_WARN_ENUM_CONVERSION = YES;
				CLANG_WARN_INFINITE_RECURSION = YES;
				CLANG_WARN_INT_CONVERSION = YES;
				CLANG_WARN_NON_LITERAL_NULL_CONVERSION = YES;
				CLANG_WARN_OBJC_IMPLICIT_RETAIN_SELF = YES;
				CLANG_WARN_OBJC_LITERAL_CONVERSION = YES;
				CLANG_WARN_OBJC_ROOT_CLASS = YES_ERROR;
				CLANG_WARN_QUOTED_INCLUDE_IN_FRAMEWORK_HEADER = YES;
				CLANG_WARN_RANGE_LOOP_ANALYSIS = YES;
				CLANG_WARN_STRICT_PROTOTYPES = YES;
				CLANG_WARN_SUSPICIOUS_MOVE = YES;
				CLANG_WARN_UNGUARDED_AVAILABILITY = YES_AGGRESSIVE;
				CLANG_WARN_UNREACHABLE_CODE = YES;
				CLANG_WARN__DUPLICATE_METHOD_MATCH = YES;
				COPY_PHASE_STRIP = NO;
				DEBUG_INFORMATION_FORMAT = dwarf;
				ENABLE_STRICT_OBJC_MSGSEND = YES;
				ENABLE_TESTABILITY = YES;
				ENABLE_USER_SCRIPT_SANDBOXING = YES;
				GCC_C_LANGUAGE_STANDARD = gnu17;
				GCC_DYNAMIC_NO_PIC = NO;
				GCC_NO_COMMON_BLOCKS = YES;
				GCC_OPTIMIZATION_LEVEL = 0;
				GCC_PREPROCESSOR_DEFINITIONS = (
					"DEBUG=1",
					"$(inherited)",
				);
				GCC_WARN_64_TO_32_BIT_CONVERSION = YES;
				GCC_WARN_ABOUT_RETURN_TYPE = YES_ERROR;
				GCC_WARN_UNDECLARED_SELECTOR = YES;
				GCC_WARN_UNINITIALIZED_AUTOS = YES_AGGRESSIVE;
				GCC_WARN_UNUSED_FUNCTION = YES;
				GCC_WARN_UNUSED_VARIABLE = YES;
				LOCALIZATION_PREFERS_STRING_CATALOGS = YES;
				MTL_ENABLE_DEBUG_INFO = INCLUDE_SOURCE;
				MTL_FAST_MATH = YES;
				ONLY_ACTIVE_ARCH = YES;
				SWIFT_ACTIVE_COMPILATION_CONDITIONS = "DEBUG $(inherited)";
				SWIFT_OPTIMIZATION_LEVEL = "-Onone";
			};
			name = Debug;
		};
		4579B54B2C18F35B008BBB8F /* Release */ = {
			isa = XCBuildConfiguration;
			buildSettings = {
				ALWAYS_SEARCH_USER_PATHS = NO;
				ASSETCATALOG_COMPILER_GENERATE_SWIFT_ASSET_SYMBOL_EXTENSIONS = YES;
				CLANG_ANALYZER_NONNULL = YES;
				CLANG_ANALYZER_NUMBER_OBJECT_CONVERSION = YES_AGGRESSIVE;
				CLANG_CXX_LANGUAGE_STANDARD = "gnu++20";
				CLANG_ENABLE_MODULES = YES;
				CLANG_ENABLE_OBJC_ARC = YES;
				CLANG_ENABLE_OBJC_WEAK = YES;
				CLANG_WARN_BLOCK_CAPTURE_AUTORELEASING = YES;
				CLANG_WARN_BOOL_CONVERSION = YES;
				CLANG_WARN_COMMA = YES;
				CLANG_WARN_CONSTANT_CONVERSION = YES;
				CLANG_WARN_DEPRECATED_OBJC_IMPLEMENTATIONS = YES;
				CLANG_WARN_DIRECT_OBJC_ISA_USAGE = YES_ERROR;
				CLANG_WARN_DOCUMENTATION_COMMENTS = YES;
				CLANG_WARN_EMPTY_BODY = YES;
				CLANG_WARN_ENUM_CONVERSION = YES;
				CLANG_WARN_INFINITE_RECURSION = YES;
				CLANG_WARN_INT_CONVERSION = YES;
				CLANG_WARN_NON_LITERAL_NULL_CONVERSION = YES;
				CLANG_WARN_OBJC_IMPLICIT_RETAIN_SELF = YES;
				CLANG_WARN_OBJC_LITERAL_CONVERSION = YES;
				CLANG_WARN_OBJC_ROOT_CLASS = YES_ERROR;
				CLANG_WARN_QUOTED_INCLUDE_IN_FRAMEWORK_HEADER = YES;
				CLANG_WARN_RANGE_LOOP_ANALYSIS = YES;
				CLANG_WARN_STRICT_PROTOTYPES = YES;
				CLANG_WARN_SUSPICIOUS_MOVE = YES;
				CLANG_WARN_UNGUARDED_AVAILABILITY = YES_AGGRESSIVE;
				CLANG_WARN_UNREACHABLE_CODE = YES;
				CLANG_WARN__DUPLICATE_METHOD_MATCH = YES;
				COPY_PHASE_STRIP = NO;
				DEBUG_INFORMATION_FORMAT = "dwarf-with-dsym";
				ENABLE_NS_ASSERTIONS = NO;
				ENABLE_STRICT_OBJC_MSGSEND = YES;
				ENABLE_USER_SCRIPT_SANDBOXING = YES;
				GCC_C_LANGUAGE_STANDARD = gnu17;
				GCC_NO_COMMON_BLOCKS = YES;
				GCC_WARN_64_TO_32_BIT_CONVERSION = YES;
				GCC_WARN_ABOUT_RETURN_TYPE = YES_ERROR;
				GCC_WARN_UNDECLARED_SELECTOR = YES;
				GCC_WARN_UNINITIALIZED_AUTOS = YES_AGGRESSIVE;
				GCC_WARN_UNUSED_FUNCTION = YES;
				GCC_WARN_UNUSED_VARIABLE = YES;
				LOCALIZATION_PREFERS_STRING_CATALOGS = YES;
				MTL_ENABLE_DEBUG_INFO = NO;
				MTL_FAST_MATH = YES;
				SWIFT_COMPILATION_MODE = wholemodule;
			};
			name = Release;
		};
		4579B54D2C18F35B008BBB8F /* Debug */ = {
			isa = XCBuildConfiguration;
			buildSettings = {
				ASSETCATALOG_COMPILER_APPICON_NAME = AppIcon;
				ASSETCATALOG_COMPILER_GLOBAL_ACCENT_COLOR_NAME = AccentColor;
				CODE_SIGN_ENTITLEMENTS = PetWatchSwift/PetWatchSwift.entitlements;
				CODE_SIGN_STYLE = Automatic;
				CURRENT_PROJECT_VERSION = 1;
				DEVELOPMENT_ASSET_PATHS = "\"PetWatchSwift/Preview Content\"";
				DEVELOPMENT_TEAM = 2AAR9JFLKQ;
				ENABLE_HARDENED_RUNTIME = YES;
				ENABLE_PREVIEWS = YES;
				GENERATE_INFOPLIST_FILE = YES;
				"INFOPLIST_KEY_UIApplicationSceneManifest_Generation[sdk=iphoneos*]" = YES;
				"INFOPLIST_KEY_UIApplicationSceneManifest_Generation[sdk=iphonesimulator*]" = YES;
				"INFOPLIST_KEY_UIApplicationSupportsIndirectInputEvents[sdk=iphoneos*]" = YES;
				"INFOPLIST_KEY_UIApplicationSupportsIndirectInputEvents[sdk=iphonesimulator*]" = YES;
				"INFOPLIST_KEY_UILaunchScreen_Generation[sdk=iphoneos*]" = YES;
				"INFOPLIST_KEY_UILaunchScreen_Generation[sdk=iphonesimulator*]" = YES;
				"INFOPLIST_KEY_UIStatusBarStyle[sdk=iphoneos*]" = UIStatusBarStyleDefault;
				"INFOPLIST_KEY_UIStatusBarStyle[sdk=iphonesimulator*]" = UIStatusBarStyleDefault;
				INFOPLIST_KEY_UISupportedInterfaceOrientations_iPad = "UIInterfaceOrientationPortrait UIInterfaceOrientationPortraitUpsideDown UIInterfaceOrientationLandscapeLeft UIInterfaceOrientationLandscapeRight";
				INFOPLIST_KEY_UISupportedInterfaceOrientations_iPhone = "UIInterfaceOrientationPortrait UIInterfaceOrientationLandscapeLeft UIInterfaceOrientationLandscapeRight";
				IPHONEOS_DEPLOYMENT_TARGET = 18.0;
				LD_RUNPATH_SEARCH_PATHS = "@executable_path/Frameworks";
				"LD_RUNPATH_SEARCH_PATHS[sdk=macosx*]" = "@executable_path/../Frameworks";
				MACOSX_DEPLOYMENT_TARGET = 14.0;
				MARKETING_VERSION = 1.0;
				PRODUCT_BUNDLE_IDENTIFIER = me.mycompany.PetWatchSwift;
				PRODUCT_NAME = "$(TARGET_NAME)";
				SDKROOT = auto;
				SUPPORTED_PLATFORMS = "iphoneos iphonesimulator macosx xros xrsimulator";
				SWIFT_EMIT_LOC_STRINGS = YES;
				SWIFT_VERSION = 5.0;
				TARGETED_DEVICE_FAMILY = "1,2,7";
				XROS_DEPLOYMENT_TARGET = 2.0;
			};
			name = Debug;
		};
		4579B54E2C18F35B008BBB8F /* Release */ = {
			isa = XCBuildConfiguration;
			buildSettings = {
				ASSETCATALOG_COMPILER_APPICON_NAME = AppIcon;
				ASSETCATALOG_COMPILER_GLOBAL_ACCENT_COLOR_NAME = AccentColor;
				CODE_SIGN_ENTITLEMENTS = PetWatchSwift/PetWatchSwift.entitlements;
				CODE_SIGN_STYLE = Automatic;
				CURRENT_PROJECT_VERSION = 1;
				DEVELOPMENT_ASSET_PATHS = "\"PetWatchSwift/Preview Content\"";
				DEVELOPMENT_TEAM = 2AAR9JFLKQ;
				ENABLE_HARDENED_RUNTIME = YES;
				ENABLE_PREVIEWS = YES;
				GENERATE_INFOPLIST_FILE = YES;
				"INFOPLIST_KEY_UIApplicationSceneManifest_Generation[sdk=iphoneos*]" = YES;
				"INFOPLIST_KEY_UIApplicationSceneManifest_Generation[sdk=iphonesimulator*]" = YES;
				"INFOPLIST_KEY_UIApplicationSupportsIndirectInputEvents[sdk=iphoneos*]" = YES;
				"INFOPLIST_KEY_UIApplicationSupportsIndirectInputEvents[sdk=iphonesimulator*]" = YES;
				"INFOPLIST_KEY_UILaunchScreen_Generation[sdk=iphoneos*]" = YES;
				"INFOPLIST_KEY_UILaunchScreen_Generation[sdk=iphonesimulator*]" = YES;
				"INFOPLIST_KEY_UIStatusBarStyle[sdk=iphoneos*]" = UIStatusBarStyleDefault;
				"INFOPLIST_KEY_UIStatusBarStyle[sdk=iphonesimulator*]" = UIStatusBarStyleDefault;
				INFOPLIST_KEY_UISupportedInterfaceOrientations_iPad = "UIInterfaceOrientationPortrait UIInterfaceOrientationPortraitUpsideDown UIInterfaceOrientationLandscapeLeft UIInterfaceOrientationLandscapeRight";
				INFOPLIST_KEY_UISupportedInterfaceOrientations_iPhone = "UIInterfaceOrientationPortrait UIInterfaceOrientationLandscapeLeft UIInterfaceOrientationLandscapeRight";
				IPHONEOS_DEPLOYMENT_TARGET = 18.0;
				LD_RUNPATH_SEARCH_PATHS = "@executable_path/Frameworks";
				"LD_RUNPATH_SEARCH_PATHS[sdk=macosx*]" = "@executable_path/../Frameworks";
				MACOSX_DEPLOYMENT_TARGET = 14.0;
				MARKETING_VERSION = 1.0;
				PRODUCT_BUNDLE_IDENTIFIER = me.mycompany.PetWatchSwift;
				PRODUCT_NAME = "$(TARGET_NAME)";
				SDKROOT = auto;
				SUPPORTED_PLATFORMS = "iphoneos iphonesimulator macosx xros xrsimulator";
				SWIFT_EMIT_LOC_STRINGS = YES;
				SWIFT_VERSION = 5.0;
				TARGETED_DEVICE_FAMILY = "1,2,7";
				XROS_DEPLOYMENT_TARGET = 2.0;
			};
			name = Release;
		};
		4579B5502C18F35B008BBB8F /* Debug */ = {
			isa = XCBuildConfiguration;
			buildSettings = {
				BUNDLE_LOADER = "$(TEST_HOST)";
				CODE_SIGN_STYLE = Automatic;
				CURRENT_PROJECT_VERSION = 1;
				DEVELOPMENT_TEAM = 2AAR9JFLKQ;
				GENERATE_INFOPLIST_FILE = YES;
				IPHONEOS_DEPLOYMENT_TARGET = 18.0;
				MACOSX_DEPLOYMENT_TARGET = 15.0;
				MARKETING_VERSION = 1.0;
				PRODUCT_BUNDLE_IDENTIFIER = me.mycompany.PetWatchSwiftTests;
				PRODUCT_NAME = "$(TARGET_NAME)";
				SDKROOT = auto;
				SUPPORTED_PLATFORMS = "iphoneos iphonesimulator macosx xros xrsimulator";
				SWIFT_EMIT_LOC_STRINGS = NO;
				SWIFT_VERSION = 5.0;
				TARGETED_DEVICE_FAMILY = "1,2,7";
				TEST_HOST = "$(BUILT_PRODUCTS_DIR)/PetWatchSwift.app/$(BUNDLE_EXECUTABLE_FOLDER_PATH)/PetWatchSwift";
				XROS_DEPLOYMENT_TARGET = 2.0;
			};
			name = Debug;
		};
		4579B5512C18F35B008BBB8F /* Release */ = {
			isa = XCBuildConfiguration;
			buildSettings = {
				BUNDLE_LOADER = "$(TEST_HOST)";
				CODE_SIGN_STYLE = Automatic;
				CURRENT_PROJECT_VERSION = 1;
				DEVELOPMENT_TEAM = 2AAR9JFLKQ;
				GENERATE_INFOPLIST_FILE = YES;
				IPHONEOS_DEPLOYMENT_TARGET = 18.0;
				MACOSX_DEPLOYMENT_TARGET = 15.0;
				MARKETING_VERSION = 1.0;
				PRODUCT_BUNDLE_IDENTIFIER = me.mycompany.PetWatchSwiftTests;
				PRODUCT_NAME = "$(TARGET_NAME)";
				SDKROOT = auto;
				SUPPORTED_PLATFORMS = "iphoneos iphonesimulator macosx xros xrsimulator";
				SWIFT_EMIT_LOC_STRINGS = NO;
				SWIFT_VERSION = 5.0;
				TARGETED_DEVICE_FAMILY = "1,2,7";
				TEST_HOST = "$(BUILT_PRODUCTS_DIR)/PetWatchSwift.app/$(BUNDLE_EXECUTABLE_FOLDER_PATH)/PetWatchSwift";
				XROS_DEPLOYMENT_TARGET = 2.0;
			};
			name = Release;
		};
		4579B5532C18F35B008BBB8F /* Debug */ = {
			isa = XCBuildConfiguration;
			buildSettings = {
				CODE_SIGN_STYLE = Automatic;
				CURRENT_PROJECT_VERSION = 1;
				DEVELOPMENT_TEAM = 2AAR9JFLKQ;
				GENERATE_INFOPLIST_FILE = YES;
				IPHONEOS_DEPLOYMENT_TARGET = 18.0;
				MACOSX_DEPLOYMENT_TARGET = 15.0;
				MARKETING_VERSION = 1.0;
				PRODUCT_BUNDLE_IDENTIFIER = me.mycompany.PetWatchSwiftUITests;
				PRODUCT_NAME = "$(TARGET_NAME)";
				SDKROOT = auto;
				SUPPORTED_PLATFORMS = "iphoneos iphonesimulator macosx xros xrsimulator";
				SWIFT_EMIT_LOC_STRINGS = NO;
				SWIFT_VERSION = 5.0;
				TARGETED_DEVICE_FAMILY = "1,2,7";
				TEST_TARGET_NAME = PetWatchSwift;
				XROS_DEPLOYMENT_TARGET = 2.0;
			};
			name = Debug;
		};
		4579B5542C18F35B008BBB8F /* Release */ = {
			isa = XCBuildConfiguration;
			buildSettings = {
				CODE_SIGN_STYLE = Automatic;
				CURRENT_PROJECT_VERSION = 1;
				DEVELOPMENT_TEAM = 2AAR9JFLKQ;
				GENERATE_INFOPLIST_FILE = YES;
				IPHONEOS_DEPLOYMENT_TARGET = 18.0;
				MACOSX_DEPLOYMENT_TARGET = 15.0;
				MARKETING_VERSION = 1.0;
				PRODUCT_BUNDLE_IDENTIFIER = me.mycompany.PetWatchSwiftUITests;
				PRODUCT_NAME = "$(TARGET_NAME)";
				SDKROOT = auto;
				SUPPORTED_PLATFORMS = "iphoneos iphonesimulator macosx xros xrsimulator";
				SWIFT_EMIT_LOC_STRINGS = NO;
				SWIFT_VERSION = 5.0;
				TARGETED_DEVICE_FAMILY = "1,2,7";
				TEST_TARGET_NAME = PetWatchSwift;
				XROS_DEPLOYMENT_TARGET = 2.0;
			};
			name = Release;
		};
/* End XCBuildConfiguration section */

/* Begin XCConfigurationList section */
		4579B5202C18F357008BBB8F /* Build configuration list for PBXProject "PetWatchSwift" */ = {
			isa = XCConfigurationList;
			buildConfigurations = (
				4579B54A2C18F35B008BBB8F /* Debug */,
				4579B54B2C18F35B008BBB8F /* Release */,
			);
			defaultConfigurationIsVisible = 0;
			defaultConfigurationName = Release;
		};
		4579B54C2C18F35B008BBB8F /* Build configuration list for PBXNativeTarget "PetWatchSwift" */ = {
			isa = XCConfigurationList;
			buildConfigurations = (
				4579B54D2C18F35B008BBB8F /* Debug */,
				4579B54E2C18F35B008BBB8F /* Release */,
			);
			defaultConfigurationIsVisible = 0;
			defaultConfigurationName = Release;
		};
		4579B54F2C18F35B008BBB8F /* Build configuration list for PBXNativeTarget "PetWatchSwiftTests" */ = {
			isa = XCConfigurationList;
			buildConfigurations = (
				4579B5502C18F35B008BBB8F /* Debug */,
				4579B5512C18F35B008BBB8F /* Release */,
			);
			defaultConfigurationIsVisible = 0;
			defaultConfigurationName = Release;
		};
		4579B5522C18F35B008BBB8F /* Build configuration list for PBXNativeTarget "PetWatchSwiftUITests" */ = {
			isa = XCConfigurationList;
			buildConfigurations = (
				4579B5532C18F35B008BBB8F /* Debug */,
				4579B5542C18F35B008BBB8F /* Release */,
			);
			defaultConfigurationIsVisible = 0;
			defaultConfigurationName = Release;
		};
/* End XCConfigurationList section */
	};
	rootObject = 4579B51D2C18F357008BBB8F /* Project object */;
}
